
Microsoft Visual Studio Solution File, Format Version 12.00
# Visual Studio 15
VisualStudioVersion = 15.0.27130.2027
MinimumVisualStudioVersion = 10.0.40219.1
Project("{8BC9CEB8-8B4A-11D0-8D11-00A0C91BC942}") = "Hashing_LnkList", "Prof_Src\Prof_Src.vcxproj", "{F3BF3AB2-917A-4A66-AF8A-6D17015D83ED}"
EndProject
Project("{8BC9CEB8-8B4A-11D0-8D11-00A0C91BC942}") = "Connected_Processors", "Connected_Processors\Connected_Processors.vcxproj", "{7BCDBFF3-A5B8-4CA2-A909-E778F7AA614E}"
EndProject
Project("{8BC9CEB8-8B4A-11D0-8D11-00A0C91BC942}") = "Virus_Infect", "Virus_Infect\Virus_Infect.vcxproj", "{CB9FAED1-B826-4A66-A8B9-389B761C9645}"
EndProject
Project("{8BC9CEB8-8B4A-11D0-8D11-00A0C91BC942}") = "DBMS", "DBMS\DBMS.vcxproj", "{A185C6BC-83DC-4F35-930B-A31E4EE0C526}"
EndProject
Project("{8BC9CEB8-8B4A-11D0-8D11-00A0C91BC942}") = "Complex_Compound", "Complex_Compound\Complex_Compound.vcxproj", "{CABCB834-97B7-4931-9D7B-CBACFB3771C7}"
EndProject
Project("{8BC9CEB8-8B4A-11D0-8D11-00A0C91BC942}") = "StackSort_ProfP", "StackRev_ProfP\StackRev_ProfP.vcxproj", "{6D497A6B-0AC9-402F-AB8A-917AEAC81418}"
EndProject
Project("{8BC9CEB8-8B4A-11D0-8D11-00A0C91BC942}") = "MaxSquare_ProfP", "MaxSquare_ProfP\MaxSquare_ProfP.vcxproj", "{028411B7-DBB1-4334-A3D2-02261469574F}"
EndProject
Project("{8BC9CEB8-8B4A-11D0-8D11-00A0C91BC942}") = "ZeroOneSeq", "ZeroOneSeq\ZeroOneSeq.vcxproj", "{049FFE98-E32F-4903-984E-E555A2680F88}"
EndProject
Project("{8BC9CEB8-8B4A-11D0-8D11-00A0C91BC942}") = "MissingSmallest", "MissingSmallest\MissingSmallest.vcxproj", "{239FD41D-56F3-4183-A186-91103D227479}"
EndProject
Project("{8BC9CEB8-8B4A-11D0-8D11-00A0C91BC942}") = "MinReach", "MinReach\MinReach.vcxproj", "{111F16D0-997C-4CBB-B773-8E064C9A7694}"
EndProject
Project("{8BC9CEB8-8B4A-11D0-8D11-00A0C91BC942}") = "ArrayRotation", "ArrayRotation\ArrayRotation.vcxproj", "{64D808B7-ABC5-48A8-9965-2F54A5FB5ADE}"
EndProject
Project("{8BC9CEB8-8B4A-11D0-8D11-00A0C91BC942}") = "DistanceBTWno", "DistanceBTWno\DistanceBTWno.vcxproj", "{C5867A5A-06E3-4A28-BC40-9A68BB06CBF4}"
EndProject
Project("{8BC9CEB8-8B4A-11D0-8D11-00A0C91BC942}") = "BitsAanagram", "BitsAanagram\BitsAanagram.vcxproj", "{1780B679-5DDA-4F4F-9D0F-B85A3F34D18F}"
EndProject
Project("{8BC9CEB8-8B4A-11D0-8D11-00A0C91BC942}") = "DirectoryStruct26May", "DirectoryStruct26May\DirectoryStruct26May.vcxproj", "{2D9535E2-7604-4802-8799-6FE336C67BB4}"
EndProject
Project("{8BC9CEB8-8B4A-11D0-8D11-00A0C91BC942}") = "ListMergeSort", "ListMergeSort\ListMergeSort.vcxproj", "{978EC506-6CA7-4B4E-90BE-A8416ADA8635}"
EndProject
Project("{8BC9CEB8-8B4A-11D0-8D11-00A0C91BC942}") = "LCA", "LCA\LCA.vcxproj", "{7CFE4A0E-6FAD-41AC-AFAE-ECAEF73B50A5}"
EndProject
Project("{8BC9CEB8-8B4A-11D0-8D11-00A0C91BC942}") = "ServerOperation", "ServerOperation\ServerOperation.vcxproj", "{ED38F9E1-3446-4D2E-82EA-C3B094EC5CDF}"
EndProject
Project("{8BC9CEB8-8B4A-11D0-8D11-00A0C91BC942}") = "LongestPrefix", "LongestPrefix\LongestPrefix.vcxproj", "{ACC4C6E8-6069-477B-8C4D-ED4C37A86BC2}"
EndProject
Project("{8BC9CEB8-8B4A-11D0-8D11-00A0C91BC942}") = "ArrayGame", "ArrayGame\ArrayGame.vcxproj", "{6FE68C35-375C-4AB6-9298-ED478EF6BD22}"
EndProject
Project("{8BC9CEB8-8B4A-11D0-8D11-00A0C91BC942}") = "MergeSort", "MergeSort\MergeSort.vcxproj", "{24BD8CA6-1357-4726-A42A-8F6C6893E304}"
EndProject
Project("{8BC9CEB8-8B4A-11D0-8D11-00A0C91BC942}") = "SegmentTree", "SegmentTree\SegmentTree.vcxproj", "{007D289A-4659-4166-918F-90EF5A74C3D6}"
EndProject
Project("{8BC9CEB8-8B4A-11D0-8D11-00A0C91BC942}") = "C++Practice", "C++Practice\C++Practice.vcxproj", "{3D94FC20-2476-4749-AC31-9B0999D58AE8}"
EndProject
Project("{8BC9CEB8-8B4A-11D0-8D11-00A0C91BC942}") = "1_1_to_N_N_path", "1_1_to_N_N_path\1_1_to_N_N_path.vcxproj", "{C2900DC5-06AA-4799-8951-1EBA7D40FECE}"
EndProject
Project("{8BC9CEB8-8B4A-11D0-8D11-00A0C91BC942}") = "DP_StolenHouse", "DP_StolenHouse\DP_StolenHouse.vcxproj", "{4B080F85-4358-43A5-AD8F-7C692F2980A9}"
EndProject
Project("{8BC9CEB8-8B4A-11D0-8D11-00A0C91BC942}") = "Flipkart", "Flipkart\Flipkart.vcxproj", "{18E5AB80-D1B4-477B-9DAF-4CC6583FD4D9}"
EndProject
Project("{8BC9CEB8-8B4A-11D0-8D11-00A0C91BC942}") = "VmWare", "VmWare\VmWare.vcxproj", "{C789C753-D77D-44F8-8874-2473D54D1887}"
EndProject
Project("{8BC9CEB8-8B4A-11D0-8D11-00A0C91BC942}") = "DesignPattern", "DesignPattern\DesignPattern.vcxproj", "{0FC7EADE-42A2-4FED-BB43-E3F21FE5210B}"
EndProject
Project("{8BC9CEB8-8B4A-11D0-8D11-00A0C91BC942}") = "CuttingRod_DP", "CuttingRod_DP\CuttingRod_DP.vcxproj", "{00AD7360-D440-4382-98EE-C44DA49C4DC4}"
EndProject
Project("{8BC9CEB8-8B4A-11D0-8D11-00A0C91BC942}") = "AssemblyLineScheduling", "AssemblyLineScheduling\AssemblyLineScheduling.vcxproj", "{C0FE7F38-B771-4F34-A179-2E15853E4B36}"
EndProject
Project("{8BC9CEB8-8B4A-11D0-8D11-00A0C91BC942}") = "CoinChangeDP", "CoinChangeDP\CoinChangeDP.vcxproj", "{7852AD91-D38A-4EBE-9CA4-34B945077888}"
EndProject
Project("{8BC9CEB8-8B4A-11D0-8D11-00A0C91BC942}") = "Swiggy", "Swiggy\Swiggy.vcxproj", "{DDF17683-15F8-408F-BFF6-D1AE12DAC97B}"
EndProject
Project("{8BC9CEB8-8B4A-11D0-8D11-00A0C91BC942}") = "MinTrainCost_DP", "MinTrainCost_DP\MinTrainCost_DP.vcxproj", "{589608F0-FC57-446F-8DA9-C6C72031C1F0}"
EndProject
Project("{8BC9CEB8-8B4A-11D0-8D11-00A0C91BC942}") = "MinCostPath_DP", "MinCostPath_DP\MinCostPath_DP.vcxproj", "{CB53C2E1-D437-43FD-85E8-C49C2660346E}"
EndProject
Project("{8BC9CEB8-8B4A-11D0-8D11-00A0C91BC942}") = "LPS_LongPalStr_DP", "LPS_LongPalStr_DP\LPS_LongPalStr_DP.vcxproj", "{9B89F2A7-ADCE-4289-88E0-F3F68BE9E655}"
EndProject
Project("{8BC9CEB8-8B4A-11D0-8D11-00A0C91BC942}") = "MinDist_DP", "MinDist_DP\MinDist_DP.vcxproj", "{C8D287AC-8808-4112-B6D8-3AD49D1B81EE}"
EndProject
Project("{8BC9CEB8-8B4A-11D0-8D11-00A0C91BC942}") = "Amazon.cpp", "Amazon.cpp\Amazon.cpp.vcxproj", "{A84084B9-37E8-42FE-8539-12B2D7320118}"
EndProject
Project("{8BC9CEB8-8B4A-11D0-8D11-00A0C91BC942}") = "PhoneDigits_BT", "PhoneDigits_BT\PhoneDigits_BT.vcxproj", "{A38B12EF-998E-4F84-9310-EB37474E3D56}"
EndProject
Global
	GlobalSection(SolutionConfigurationPlatforms) = preSolution
		Debug|x64 = Debug|x64
		Debug|x86 = Debug|x86
		Release|x64 = Release|x64
		Release|x86 = Release|x86
	EndGlobalSection
	GlobalSection(ProjectConfigurationPlatforms) = postSolution
		{F3BF3AB2-917A-4A66-AF8A-6D17015D83ED}.Debug|x64.ActiveCfg = Debug|x64
		{F3BF3AB2-917A-4A66-AF8A-6D17015D83ED}.Debug|x64.Build.0 = Debug|x64
		{F3BF3AB2-917A-4A66-AF8A-6D17015D83ED}.Debug|x86.ActiveCfg = Debug|Win32
		{F3BF3AB2-917A-4A66-AF8A-6D17015D83ED}.Debug|x86.Build.0 = Debug|Win32
		{F3BF3AB2-917A-4A66-AF8A-6D17015D83ED}.Release|x64.ActiveCfg = Release|x64
		{F3BF3AB2-917A-4A66-AF8A-6D17015D83ED}.Release|x64.Build.0 = Release|x64
		{F3BF3AB2-917A-4A66-AF8A-6D17015D83ED}.Release|x86.ActiveCfg = Release|Win32
		{F3BF3AB2-917A-4A66-AF8A-6D17015D83ED}.Release|x86.Build.0 = Release|Win32
		{7BCDBFF3-A5B8-4CA2-A909-E778F7AA614E}.Debug|x64.ActiveCfg = Debug|x64
		{7BCDBFF3-A5B8-4CA2-A909-E778F7AA614E}.Debug|x64.Build.0 = Debug|x64
		{7BCDBFF3-A5B8-4CA2-A909-E778F7AA614E}.Debug|x86.ActiveCfg = Debug|Win32
		{7BCDBFF3-A5B8-4CA2-A909-E778F7AA614E}.Debug|x86.Build.0 = Debug|Win32
		{7BCDBFF3-A5B8-4CA2-A909-E778F7AA614E}.Release|x64.ActiveCfg = Release|x64
		{7BCDBFF3-A5B8-4CA2-A909-E778F7AA614E}.Release|x64.Build.0 = Release|x64
		{7BCDBFF3-A5B8-4CA2-A909-E778F7AA614E}.Release|x86.ActiveCfg = Release|Win32
		{7BCDBFF3-A5B8-4CA2-A909-E778F7AA614E}.Release|x86.Build.0 = Release|Win32
		{CB9FAED1-B826-4A66-A8B9-389B761C9645}.Debug|x64.ActiveCfg = Debug|x64
		{CB9FAED1-B826-4A66-A8B9-389B761C9645}.Debug|x64.Build.0 = Debug|x64
		{CB9FAED1-B826-4A66-A8B9-389B761C9645}.Debug|x86.ActiveCfg = Debug|Win32
		{CB9FAED1-B826-4A66-A8B9-389B761C9645}.Debug|x86.Build.0 = Debug|Win32
		{CB9FAED1-B826-4A66-A8B9-389B761C9645}.Release|x64.ActiveCfg = Release|x64
		{CB9FAED1-B826-4A66-A8B9-389B761C9645}.Release|x64.Build.0 = Release|x64
		{CB9FAED1-B826-4A66-A8B9-389B761C9645}.Release|x86.ActiveCfg = Release|Win32
		{CB9FAED1-B826-4A66-A8B9-389B761C9645}.Release|x86.Build.0 = Release|Win32
		{A185C6BC-83DC-4F35-930B-A31E4EE0C526}.Debug|x64.ActiveCfg = Debug|x64
		{A185C6BC-83DC-4F35-930B-A31E4EE0C526}.Debug|x64.Build.0 = Debug|x64
		{A185C6BC-83DC-4F35-930B-A31E4EE0C526}.Debug|x86.ActiveCfg = Debug|Win32
		{A185C6BC-83DC-4F35-930B-A31E4EE0C526}.Debug|x86.Build.0 = Debug|Win32
		{A185C6BC-83DC-4F35-930B-A31E4EE0C526}.Release|x64.ActiveCfg = Release|x64
		{A185C6BC-83DC-4F35-930B-A31E4EE0C526}.Release|x64.Build.0 = Release|x64
		{A185C6BC-83DC-4F35-930B-A31E4EE0C526}.Release|x86.ActiveCfg = Release|Win32
		{A185C6BC-83DC-4F35-930B-A31E4EE0C526}.Release|x86.Build.0 = Release|Win32
		{CABCB834-97B7-4931-9D7B-CBACFB3771C7}.Debug|x64.ActiveCfg = Debug|x64
		{CABCB834-97B7-4931-9D7B-CBACFB3771C7}.Debug|x64.Build.0 = Debug|x64
		{CABCB834-97B7-4931-9D7B-CBACFB3771C7}.Debug|x86.ActiveCfg = Debug|Win32
		{CABCB834-97B7-4931-9D7B-CBACFB3771C7}.Debug|x86.Build.0 = Debug|Win32
		{CABCB834-97B7-4931-9D7B-CBACFB3771C7}.Release|x64.ActiveCfg = Release|x64
		{CABCB834-97B7-4931-9D7B-CBACFB3771C7}.Release|x64.Build.0 = Release|x64
		{CABCB834-97B7-4931-9D7B-CBACFB3771C7}.Release|x86.ActiveCfg = Release|Win32
		{CABCB834-97B7-4931-9D7B-CBACFB3771C7}.Release|x86.Build.0 = Release|Win32
		{6D497A6B-0AC9-402F-AB8A-917AEAC81418}.Debug|x64.ActiveCfg = Debug|x64
		{6D497A6B-0AC9-402F-AB8A-917AEAC81418}.Debug|x64.Build.0 = Debug|x64
		{6D497A6B-0AC9-402F-AB8A-917AEAC81418}.Debug|x86.ActiveCfg = Debug|Win32
		{6D497A6B-0AC9-402F-AB8A-917AEAC81418}.Debug|x86.Build.0 = Debug|Win32
		{6D497A6B-0AC9-402F-AB8A-917AEAC81418}.Release|x64.ActiveCfg = Release|x64
		{6D497A6B-0AC9-402F-AB8A-917AEAC81418}.Release|x64.Build.0 = Release|x64
		{6D497A6B-0AC9-402F-AB8A-917AEAC81418}.Release|x86.ActiveCfg = Release|Win32
		{6D497A6B-0AC9-402F-AB8A-917AEAC81418}.Release|x86.Build.0 = Release|Win32
		{028411B7-DBB1-4334-A3D2-02261469574F}.Debug|x64.ActiveCfg = Debug|x64
		{028411B7-DBB1-4334-A3D2-02261469574F}.Debug|x64.Build.0 = Debug|x64
		{028411B7-DBB1-4334-A3D2-02261469574F}.Debug|x86.ActiveCfg = Debug|Win32
		{028411B7-DBB1-4334-A3D2-02261469574F}.Debug|x86.Build.0 = Debug|Win32
		{028411B7-DBB1-4334-A3D2-02261469574F}.Release|x64.ActiveCfg = Release|x64
		{028411B7-DBB1-4334-A3D2-02261469574F}.Release|x64.Build.0 = Release|x64
		{028411B7-DBB1-4334-A3D2-02261469574F}.Release|x86.ActiveCfg = Release|Win32
		{028411B7-DBB1-4334-A3D2-02261469574F}.Release|x86.Build.0 = Release|Win32
		{049FFE98-E32F-4903-984E-E555A2680F88}.Debug|x64.ActiveCfg = Debug|x64
		{049FFE98-E32F-4903-984E-E555A2680F88}.Debug|x64.Build.0 = Debug|x64
		{049FFE98-E32F-4903-984E-E555A2680F88}.Debug|x86.ActiveCfg = Debug|Win32
		{049FFE98-E32F-4903-984E-E555A2680F88}.Debug|x86.Build.0 = Debug|Win32
		{049FFE98-E32F-4903-984E-E555A2680F88}.Release|x64.ActiveCfg = Release|x64
		{049FFE98-E32F-4903-984E-E555A2680F88}.Release|x64.Build.0 = Release|x64
		{049FFE98-E32F-4903-984E-E555A2680F88}.Release|x86.ActiveCfg = Release|Win32
		{049FFE98-E32F-4903-984E-E555A2680F88}.Release|x86.Build.0 = Release|Win32
		{239FD41D-56F3-4183-A186-91103D227479}.Debug|x64.ActiveCfg = Debug|x64
		{239FD41D-56F3-4183-A186-91103D227479}.Debug|x64.Build.0 = Debug|x64
		{239FD41D-56F3-4183-A186-91103D227479}.Debug|x86.ActiveCfg = Debug|Win32
		{239FD41D-56F3-4183-A186-91103D227479}.Debug|x86.Build.0 = Debug|Win32
		{239FD41D-56F3-4183-A186-91103D227479}.Release|x64.ActiveCfg = Release|x64
		{239FD41D-56F3-4183-A186-91103D227479}.Release|x64.Build.0 = Release|x64
		{239FD41D-56F3-4183-A186-91103D227479}.Release|x86.ActiveCfg = Release|Win32
		{239FD41D-56F3-4183-A186-91103D227479}.Release|x86.Build.0 = Release|Win32
		{111F16D0-997C-4CBB-B773-8E064C9A7694}.Debug|x64.ActiveCfg = Debug|x64
		{111F16D0-997C-4CBB-B773-8E064C9A7694}.Debug|x64.Build.0 = Debug|x64
		{111F16D0-997C-4CBB-B773-8E064C9A7694}.Debug|x86.ActiveCfg = Debug|Win32
		{111F16D0-997C-4CBB-B773-8E064C9A7694}.Debug|x86.Build.0 = Debug|Win32
		{111F16D0-997C-4CBB-B773-8E064C9A7694}.Release|x64.ActiveCfg = Release|x64
		{111F16D0-997C-4CBB-B773-8E064C9A7694}.Release|x64.Build.0 = Release|x64
		{111F16D0-997C-4CBB-B773-8E064C9A7694}.Release|x86.ActiveCfg = Release|Win32
		{111F16D0-997C-4CBB-B773-8E064C9A7694}.Release|x86.Build.0 = Release|Win32
		{64D808B7-ABC5-48A8-9965-2F54A5FB5ADE}.Debug|x64.ActiveCfg = Debug|x64
		{64D808B7-ABC5-48A8-9965-2F54A5FB5ADE}.Debug|x64.Build.0 = Debug|x64
		{64D808B7-ABC5-48A8-9965-2F54A5FB5ADE}.Debug|x86.ActiveCfg = Debug|Win32
		{64D808B7-ABC5-48A8-9965-2F54A5FB5ADE}.Debug|x86.Build.0 = Debug|Win32
		{64D808B7-ABC5-48A8-9965-2F54A5FB5ADE}.Release|x64.ActiveCfg = Release|x64
		{64D808B7-ABC5-48A8-9965-2F54A5FB5ADE}.Release|x64.Build.0 = Release|x64
		{64D808B7-ABC5-48A8-9965-2F54A5FB5ADE}.Release|x86.ActiveCfg = Release|Win32
		{64D808B7-ABC5-48A8-9965-2F54A5FB5ADE}.Release|x86.Build.0 = Release|Win32
		{C5867A5A-06E3-4A28-BC40-9A68BB06CBF4}.Debug|x64.ActiveCfg = Debug|x64
		{C5867A5A-06E3-4A28-BC40-9A68BB06CBF4}.Debug|x64.Build.0 = Debug|x64
		{C5867A5A-06E3-4A28-BC40-9A68BB06CBF4}.Debug|x86.ActiveCfg = Debug|Win32
		{C5867A5A-06E3-4A28-BC40-9A68BB06CBF4}.Debug|x86.Build.0 = Debug|Win32
		{C5867A5A-06E3-4A28-BC40-9A68BB06CBF4}.Release|x64.ActiveCfg = Release|x64
		{C5867A5A-06E3-4A28-BC40-9A68BB06CBF4}.Release|x64.Build.0 = Release|x64
		{C5867A5A-06E3-4A28-BC40-9A68BB06CBF4}.Release|x86.ActiveCfg = Release|Win32
		{C5867A5A-06E3-4A28-BC40-9A68BB06CBF4}.Release|x86.Build.0 = Release|Win32
		{1780B679-5DDA-4F4F-9D0F-B85A3F34D18F}.Debug|x64.ActiveCfg = Debug|x64
		{1780B679-5DDA-4F4F-9D0F-B85A3F34D18F}.Debug|x64.Build.0 = Debug|x64
		{1780B679-5DDA-4F4F-9D0F-B85A3F34D18F}.Debug|x86.ActiveCfg = Debug|Win32
		{1780B679-5DDA-4F4F-9D0F-B85A3F34D18F}.Debug|x86.Build.0 = Debug|Win32
		{1780B679-5DDA-4F4F-9D0F-B85A3F34D18F}.Release|x64.ActiveCfg = Release|x64
		{1780B679-5DDA-4F4F-9D0F-B85A3F34D18F}.Release|x64.Build.0 = Release|x64
		{1780B679-5DDA-4F4F-9D0F-B85A3F34D18F}.Release|x86.ActiveCfg = Release|Win32
		{1780B679-5DDA-4F4F-9D0F-B85A3F34D18F}.Release|x86.Build.0 = Release|Win32
		{2D9535E2-7604-4802-8799-6FE336C67BB4}.Debug|x64.ActiveCfg = Debug|x64
		{2D9535E2-7604-4802-8799-6FE336C67BB4}.Debug|x64.Build.0 = Debug|x64
		{2D9535E2-7604-4802-8799-6FE336C67BB4}.Debug|x86.ActiveCfg = Debug|Win32
		{2D9535E2-7604-4802-8799-6FE336C67BB4}.Debug|x86.Build.0 = Debug|Win32
		{2D9535E2-7604-4802-8799-6FE336C67BB4}.Release|x64.ActiveCfg = Release|x64
		{2D9535E2-7604-4802-8799-6FE336C67BB4}.Release|x64.Build.0 = Release|x64
		{2D9535E2-7604-4802-8799-6FE336C67BB4}.Release|x86.ActiveCfg = Release|Win32
		{2D9535E2-7604-4802-8799-6FE336C67BB4}.Release|x86.Build.0 = Release|Win32
		{978EC506-6CA7-4B4E-90BE-A8416ADA8635}.Debug|x64.ActiveCfg = Debug|x64
		{978EC506-6CA7-4B4E-90BE-A8416ADA8635}.Debug|x64.Build.0 = Debug|x64
		{978EC506-6CA7-4B4E-90BE-A8416ADA8635}.Debug|x86.ActiveCfg = Debug|Win32
		{978EC506-6CA7-4B4E-90BE-A8416ADA8635}.Debug|x86.Build.0 = Debug|Win32
		{978EC506-6CA7-4B4E-90BE-A8416ADA8635}.Release|x64.ActiveCfg = Release|x64
		{978EC506-6CA7-4B4E-90BE-A8416ADA8635}.Release|x64.Build.0 = Release|x64
		{978EC506-6CA7-4B4E-90BE-A8416ADA8635}.Release|x86.ActiveCfg = Release|Win32
		{978EC506-6CA7-4B4E-90BE-A8416ADA8635}.Release|x86.Build.0 = Release|Win32
		{7CFE4A0E-6FAD-41AC-AFAE-ECAEF73B50A5}.Debug|x64.ActiveCfg = Debug|x64
		{7CFE4A0E-6FAD-41AC-AFAE-ECAEF73B50A5}.Debug|x64.Build.0 = Debug|x64
		{7CFE4A0E-6FAD-41AC-AFAE-ECAEF73B50A5}.Debug|x86.ActiveCfg = Debug|Win32
		{7CFE4A0E-6FAD-41AC-AFAE-ECAEF73B50A5}.Debug|x86.Build.0 = Debug|Win32
		{7CFE4A0E-6FAD-41AC-AFAE-ECAEF73B50A5}.Release|x64.ActiveCfg = Release|x64
		{7CFE4A0E-6FAD-41AC-AFAE-ECAEF73B50A5}.Release|x64.Build.0 = Release|x64
		{7CFE4A0E-6FAD-41AC-AFAE-ECAEF73B50A5}.Release|x86.ActiveCfg = Release|Win32
		{7CFE4A0E-6FAD-41AC-AFAE-ECAEF73B50A5}.Release|x86.Build.0 = Release|Win32
		{ED38F9E1-3446-4D2E-82EA-C3B094EC5CDF}.Debug|x64.ActiveCfg = Debug|x64
		{ED38F9E1-3446-4D2E-82EA-C3B094EC5CDF}.Debug|x64.Build.0 = Debug|x64
		{ED38F9E1-3446-4D2E-82EA-C3B094EC5CDF}.Debug|x86.ActiveCfg = Debug|Win32
		{ED38F9E1-3446-4D2E-82EA-C3B094EC5CDF}.Debug|x86.Build.0 = Debug|Win32
		{ED38F9E1-3446-4D2E-82EA-C3B094EC5CDF}.Release|x64.ActiveCfg = Release|x64
		{ED38F9E1-3446-4D2E-82EA-C3B094EC5CDF}.Release|x64.Build.0 = Release|x64
		{ED38F9E1-3446-4D2E-82EA-C3B094EC5CDF}.Release|x86.ActiveCfg = Release|Win32
		{ED38F9E1-3446-4D2E-82EA-C3B094EC5CDF}.Release|x86.Build.0 = Release|Win32
		{ACC4C6E8-6069-477B-8C4D-ED4C37A86BC2}.Debug|x64.ActiveCfg = Debug|x64
		{ACC4C6E8-6069-477B-8C4D-ED4C37A86BC2}.Debug|x64.Build.0 = Debug|x64
		{ACC4C6E8-6069-477B-8C4D-ED4C37A86BC2}.Debug|x86.ActiveCfg = Debug|Win32
		{ACC4C6E8-6069-477B-8C4D-ED4C37A86BC2}.Debug|x86.Build.0 = Debug|Win32
		{ACC4C6E8-6069-477B-8C4D-ED4C37A86BC2}.Release|x64.ActiveCfg = Release|x64
		{ACC4C6E8-6069-477B-8C4D-ED4C37A86BC2}.Release|x64.Build.0 = Release|x64
		{ACC4C6E8-6069-477B-8C4D-ED4C37A86BC2}.Release|x86.ActiveCfg = Release|Win32
		{ACC4C6E8-6069-477B-8C4D-ED4C37A86BC2}.Release|x86.Build.0 = Release|Win32
		{6FE68C35-375C-4AB6-9298-ED478EF6BD22}.Debug|x64.ActiveCfg = Debug|x64
		{6FE68C35-375C-4AB6-9298-ED478EF6BD22}.Debug|x64.Build.0 = Debug|x64
		{6FE68C35-375C-4AB6-9298-ED478EF6BD22}.Debug|x86.ActiveCfg = Debug|Win32
		{6FE68C35-375C-4AB6-9298-ED478EF6BD22}.Debug|x86.Build.0 = Debug|Win32
		{6FE68C35-375C-4AB6-9298-ED478EF6BD22}.Release|x64.ActiveCfg = Release|x64
		{6FE68C35-375C-4AB6-9298-ED478EF6BD22}.Release|x64.Build.0 = Release|x64
		{6FE68C35-375C-4AB6-9298-ED478EF6BD22}.Release|x86.ActiveCfg = Release|Win32
		{6FE68C35-375C-4AB6-9298-ED478EF6BD22}.Release|x86.Build.0 = Release|Win32
		{24BD8CA6-1357-4726-A42A-8F6C6893E304}.Debug|x64.ActiveCfg = Debug|x64
		{24BD8CA6-1357-4726-A42A-8F6C6893E304}.Debug|x64.Build.0 = Debug|x64
		{24BD8CA6-1357-4726-A42A-8F6C6893E304}.Debug|x86.ActiveCfg = Debug|Win32
		{24BD8CA6-1357-4726-A42A-8F6C6893E304}.Debug|x86.Build.0 = Debug|Win32
		{24BD8CA6-1357-4726-A42A-8F6C6893E304}.Release|x64.ActiveCfg = Release|x64
		{24BD8CA6-1357-4726-A42A-8F6C6893E304}.Release|x64.Build.0 = Release|x64
		{24BD8CA6-1357-4726-A42A-8F6C6893E304}.Release|x86.ActiveCfg = Release|Win32
		{24BD8CA6-1357-4726-A42A-8F6C6893E304}.Release|x86.Build.0 = Release|Win32
		{007D289A-4659-4166-918F-90EF5A74C3D6}.Debug|x64.ActiveCfg = Debug|x64
		{007D289A-4659-4166-918F-90EF5A74C3D6}.Debug|x64.Build.0 = Debug|x64
		{007D289A-4659-4166-918F-90EF5A74C3D6}.Debug|x86.ActiveCfg = Debug|Win32
		{007D289A-4659-4166-918F-90EF5A74C3D6}.Debug|x86.Build.0 = Debug|Win32
		{007D289A-4659-4166-918F-90EF5A74C3D6}.Release|x64.ActiveCfg = Release|x64
		{007D289A-4659-4166-918F-90EF5A74C3D6}.Release|x64.Build.0 = Release|x64
		{007D289A-4659-4166-918F-90EF5A74C3D6}.Release|x86.ActiveCfg = Release|Win32
		{007D289A-4659-4166-918F-90EF5A74C3D6}.Release|x86.Build.0 = Release|Win32
		{3D94FC20-2476-4749-AC31-9B0999D58AE8}.Debug|x64.ActiveCfg = Debug|x64
		{3D94FC20-2476-4749-AC31-9B0999D58AE8}.Debug|x64.Build.0 = Debug|x64
		{3D94FC20-2476-4749-AC31-9B0999D58AE8}.Debug|x86.ActiveCfg = Debug|Win32
		{3D94FC20-2476-4749-AC31-9B0999D58AE8}.Debug|x86.Build.0 = Debug|Win32
		{3D94FC20-2476-4749-AC31-9B0999D58AE8}.Release|x64.ActiveCfg = Release|x64
		{3D94FC20-2476-4749-AC31-9B0999D58AE8}.Release|x64.Build.0 = Release|x64
		{3D94FC20-2476-4749-AC31-9B0999D58AE8}.Release|x86.ActiveCfg = Release|Win32
		{3D94FC20-2476-4749-AC31-9B0999D58AE8}.Release|x86.Build.0 = Release|Win32
		{C2900DC5-06AA-4799-8951-1EBA7D40FECE}.Debug|x64.ActiveCfg = Debug|x64
		{C2900DC5-06AA-4799-8951-1EBA7D40FECE}.Debug|x64.Build.0 = Debug|x64
		{C2900DC5-06AA-4799-8951-1EBA7D40FECE}.Debug|x86.ActiveCfg = Debug|Win32
		{C2900DC5-06AA-4799-8951-1EBA7D40FECE}.Debug|x86.Build.0 = Debug|Win32
		{C2900DC5-06AA-4799-8951-1EBA7D40FECE}.Release|x64.ActiveCfg = Release|x64
		{C2900DC5-06AA-4799-8951-1EBA7D40FECE}.Release|x64.Build.0 = Release|x64
		{C2900DC5-06AA-4799-8951-1EBA7D40FECE}.Release|x86.ActiveCfg = Release|Win32
		{C2900DC5-06AA-4799-8951-1EBA7D40FECE}.Release|x86.Build.0 = Release|Win32
		{4B080F85-4358-43A5-AD8F-7C692F2980A9}.Debug|x64.ActiveCfg = Debug|x64
		{4B080F85-4358-43A5-AD8F-7C692F2980A9}.Debug|x64.Build.0 = Debug|x64
		{4B080F85-4358-43A5-AD8F-7C692F2980A9}.Debug|x86.ActiveCfg = Debug|Win32
		{4B080F85-4358-43A5-AD8F-7C692F2980A9}.Debug|x86.Build.0 = Debug|Win32
		{4B080F85-4358-43A5-AD8F-7C692F2980A9}.Release|x64.ActiveCfg = Release|x64
		{4B080F85-4358-43A5-AD8F-7C692F2980A9}.Release|x64.Build.0 = Release|x64
		{4B080F85-4358-43A5-AD8F-7C692F2980A9}.Release|x86.ActiveCfg = Release|Win32
		{4B080F85-4358-43A5-AD8F-7C692F2980A9}.Release|x86.Build.0 = Release|Win32
		{18E5AB80-D1B4-477B-9DAF-4CC6583FD4D9}.Debug|x64.ActiveCfg = Debug|x64
		{18E5AB80-D1B4-477B-9DAF-4CC6583FD4D9}.Debug|x64.Build.0 = Debug|x64
		{18E5AB80-D1B4-477B-9DAF-4CC6583FD4D9}.Debug|x86.ActiveCfg = Debug|Win32
		{18E5AB80-D1B4-477B-9DAF-4CC6583FD4D9}.Debug|x86.Build.0 = Debug|Win32
		{18E5AB80-D1B4-477B-9DAF-4CC6583FD4D9}.Release|x64.ActiveCfg = Release|x64
		{18E5AB80-D1B4-477B-9DAF-4CC6583FD4D9}.Release|x64.Build.0 = Release|x64
		{18E5AB80-D1B4-477B-9DAF-4CC6583FD4D9}.Release|x86.ActiveCfg = Release|Win32
		{18E5AB80-D1B4-477B-9DAF-4CC6583FD4D9}.Release|x86.Build.0 = Release|Win32
		{C789C753-D77D-44F8-8874-2473D54D1887}.Debug|x64.ActiveCfg = Debug|x64
		{C789C753-D77D-44F8-8874-2473D54D1887}.Debug|x64.Build.0 = Debug|x64
		{C789C753-D77D-44F8-8874-2473D54D1887}.Debug|x86.ActiveCfg = Debug|Win32
		{C789C753-D77D-44F8-8874-2473D54D1887}.Debug|x86.Build.0 = Debug|Win32
		{C789C753-D77D-44F8-8874-2473D54D1887}.Release|x64.ActiveCfg = Release|x64
		{C789C753-D77D-44F8-8874-2473D54D1887}.Release|x64.Build.0 = Release|x64
		{C789C753-D77D-44F8-8874-2473D54D1887}.Release|x86.ActiveCfg = Release|Win32
		{C789C753-D77D-44F8-8874-2473D54D1887}.Release|x86.Build.0 = Release|Win32
		{0FC7EADE-42A2-4FED-BB43-E3F21FE5210B}.Debug|x64.ActiveCfg = Debug|x64
		{0FC7EADE-42A2-4FED-BB43-E3F21FE5210B}.Debug|x64.Build.0 = Debug|x64
		{0FC7EADE-42A2-4FED-BB43-E3F21FE5210B}.Debug|x86.ActiveCfg = Debug|Win32
		{0FC7EADE-42A2-4FED-BB43-E3F21FE5210B}.Debug|x86.Build.0 = Debug|Win32
		{0FC7EADE-42A2-4FED-BB43-E3F21FE5210B}.Release|x64.ActiveCfg = Release|x64
		{0FC7EADE-42A2-4FED-BB43-E3F21FE5210B}.Release|x64.Build.0 = Release|x64
		{0FC7EADE-42A2-4FED-BB43-E3F21FE5210B}.Release|x86.ActiveCfg = Release|Win32
		{0FC7EADE-42A2-4FED-BB43-E3F21FE5210B}.Release|x86.Build.0 = Release|Win32
		{00AD7360-D440-4382-98EE-C44DA49C4DC4}.Debug|x64.ActiveCfg = Debug|x64
		{00AD7360-D440-4382-98EE-C44DA49C4DC4}.Debug|x64.Build.0 = Debug|x64
		{00AD7360-D440-4382-98EE-C44DA49C4DC4}.Debug|x86.ActiveCfg = Debug|Win32
		{00AD7360-D440-4382-98EE-C44DA49C4DC4}.Debug|x86.Build.0 = Debug|Win32
		{00AD7360-D440-4382-98EE-C44DA49C4DC4}.Release|x64.ActiveCfg = Release|x64
		{00AD7360-D440-4382-98EE-C44DA49C4DC4}.Release|x64.Build.0 = Release|x64
		{00AD7360-D440-4382-98EE-C44DA49C4DC4}.Release|x86.ActiveCfg = Release|Win32
		{00AD7360-D440-4382-98EE-C44DA49C4DC4}.Release|x86.Build.0 = Release|Win32
		{C0FE7F38-B771-4F34-A179-2E15853E4B36}.Debug|x64.ActiveCfg = Debug|x64
		{C0FE7F38-B771-4F34-A179-2E15853E4B36}.Debug|x64.Build.0 = Debug|x64
		{C0FE7F38-B771-4F34-A179-2E15853E4B36}.Debug|x86.ActiveCfg = Debug|Win32
		{C0FE7F38-B771-4F34-A179-2E15853E4B36}.Debug|x86.Build.0 = Debug|Win32
		{C0FE7F38-B771-4F34-A179-2E15853E4B36}.Release|x64.ActiveCfg = Release|x64
		{C0FE7F38-B771-4F34-A179-2E15853E4B36}.Release|x64.Build.0 = Release|x64
		{C0FE7F38-B771-4F34-A179-2E15853E4B36}.Release|x86.ActiveCfg = Release|Win32
		{C0FE7F38-B771-4F34-A179-2E15853E4B36}.Release|x86.Build.0 = Release|Win32
		{7852AD91-D38A-4EBE-9CA4-34B945077888}.Debug|x64.ActiveCfg = Debug|x64
		{7852AD91-D38A-4EBE-9CA4-34B945077888}.Debug|x64.Build.0 = Debug|x64
		{7852AD91-D38A-4EBE-9CA4-34B945077888}.Debug|x86.ActiveCfg = Debug|Win32
		{7852AD91-D38A-4EBE-9CA4-34B945077888}.Debug|x86.Build.0 = Debug|Win32
		{7852AD91-D38A-4EBE-9CA4-34B945077888}.Release|x64.ActiveCfg = Release|x64
		{7852AD91-D38A-4EBE-9CA4-34B945077888}.Release|x64.Build.0 = Release|x64
		{7852AD91-D38A-4EBE-9CA4-34B945077888}.Release|x86.ActiveCfg = Release|Win32
		{7852AD91-D38A-4EBE-9CA4-34B945077888}.Release|x86.Build.0 = Release|Win32
		{DDF17683-15F8-408F-BFF6-D1AE12DAC97B}.Debug|x64.ActiveCfg = Debug|x64
		{DDF17683-15F8-408F-BFF6-D1AE12DAC97B}.Debug|x64.Build.0 = Debug|x64
		{DDF17683-15F8-408F-BFF6-D1AE12DAC97B}.Debug|x86.ActiveCfg = Debug|Win32
		{DDF17683-15F8-408F-BFF6-D1AE12DAC97B}.Debug|x86.Build.0 = Debug|Win32
		{DDF17683-15F8-408F-BFF6-D1AE12DAC97B}.Release|x64.ActiveCfg = Release|x64
		{DDF17683-15F8-408F-BFF6-D1AE12DAC97B}.Release|x64.Build.0 = Release|x64
		{DDF17683-15F8-408F-BFF6-D1AE12DAC97B}.Release|x86.ActiveCfg = Release|Win32
		{DDF17683-15F8-408F-BFF6-D1AE12DAC97B}.Release|x86.Build.0 = Release|Win32
		{589608F0-FC57-446F-8DA9-C6C72031C1F0}.Debug|x64.ActiveCfg = Debug|x64
		{589608F0-FC57-446F-8DA9-C6C72031C1F0}.Debug|x64.Build.0 = Debug|x64
		{589608F0-FC57-446F-8DA9-C6C72031C1F0}.Debug|x86.ActiveCfg = Debug|Win32
		{589608F0-FC57-446F-8DA9-C6C72031C1F0}.Debug|x86.Build.0 = Debug|Win32
		{589608F0-FC57-446F-8DA9-C6C72031C1F0}.Release|x64.ActiveCfg = Release|x64
		{589608F0-FC57-446F-8DA9-C6C72031C1F0}.Release|x64.Build.0 = Release|x64
		{589608F0-FC57-446F-8DA9-C6C72031C1F0}.Release|x86.ActiveCfg = Release|Win32
		{589608F0-FC57-446F-8DA9-C6C72031C1F0}.Release|x86.Build.0 = Release|Win32
		{CB53C2E1-D437-43FD-85E8-C49C2660346E}.Debug|x64.ActiveCfg = Debug|x64
		{CB53C2E1-D437-43FD-85E8-C49C2660346E}.Debug|x64.Build.0 = Debug|x64
		{CB53C2E1-D437-43FD-85E8-C49C2660346E}.Debug|x86.ActiveCfg = Debug|Win32
		{CB53C2E1-D437-43FD-85E8-C49C2660346E}.Debug|x86.Build.0 = Debug|Win32
		{CB53C2E1-D437-43FD-85E8-C49C2660346E}.Release|x64.ActiveCfg = Release|x64
		{CB53C2E1-D437-43FD-85E8-C49C2660346E}.Release|x64.Build.0 = Release|x64
		{CB53C2E1-D437-43FD-85E8-C49C2660346E}.Release|x86.ActiveCfg = Release|Win32
		{CB53C2E1-D437-43FD-85E8-C49C2660346E}.Release|x86.Build.0 = Release|Win32
		{9B89F2A7-ADCE-4289-88E0-F3F68BE9E655}.Debug|x64.ActiveCfg = Debug|x64
		{9B89F2A7-ADCE-4289-88E0-F3F68BE9E655}.Debug|x64.Build.0 = Debug|x64
		{9B89F2A7-ADCE-4289-88E0-F3F68BE9E655}.Debug|x86.ActiveCfg = Debug|Win32
		{9B89F2A7-ADCE-4289-88E0-F3F68BE9E655}.Debug|x86.Build.0 = Debug|Win32
		{9B89F2A7-ADCE-4289-88E0-F3F68BE9E655}.Release|x64.ActiveCfg = Release|x64
		{9B89F2A7-ADCE-4289-88E0-F3F68BE9E655}.Release|x64.Build.0 = Release|x64
		{9B89F2A7-ADCE-4289-88E0-F3F68BE9E655}.Release|x86.ActiveCfg = Release|Win32
		{9B89F2A7-ADCE-4289-88E0-F3F68BE9E655}.Release|x86.Build.0 = Release|Win32
		{C8D287AC-8808-4112-B6D8-3AD49D1B81EE}.Debug|x64.ActiveCfg = Debug|x64
		{C8D287AC-8808-4112-B6D8-3AD49D1B81EE}.Debug|x64.Build.0 = Debug|x64
		{C8D287AC-8808-4112-B6D8-3AD49D1B81EE}.Debug|x86.ActiveCfg = Debug|Win32
		{C8D287AC-8808-4112-B6D8-3AD49D1B81EE}.Debug|x86.Build.0 = Debug|Win32
		{C8D287AC-8808-4112-B6D8-3AD49D1B81EE}.Release|x64.ActiveCfg = Release|x64
		{C8D287AC-8808-4112-B6D8-3AD49D1B81EE}.Release|x64.Build.0 = Release|x64
		{C8D287AC-8808-4112-B6D8-3AD49D1B81EE}.Release|x86.ActiveCfg = Release|Win32
		{C8D287AC-8808-4112-B6D8-3AD49D1B81EE}.Release|x86.Build.0 = Release|Win32
		{A84084B9-37E8-42FE-8539-12B2D7320118}.Debug|x64.ActiveCfg = Debug|x64
		{A84084B9-37E8-42FE-8539-12B2D7320118}.Debug|x64.Build.0 = Debug|x64
		{A84084B9-37E8-42FE-8539-12B2D7320118}.Debug|x86.ActiveCfg = Debug|Win32
		{A84084B9-37E8-42FE-8539-12B2D7320118}.Debug|x86.Build.0 = Debug|Win32
		{A84084B9-37E8-42FE-8539-12B2D7320118}.Release|x64.ActiveCfg = Release|x64
		{A84084B9-37E8-42FE-8539-12B2D7320118}.Release|x64.Build.0 = Release|x64
		{A84084B9-37E8-42FE-8539-12B2D7320118}.Release|x86.ActiveCfg = Release|Win32
		{A84084B9-37E8-42FE-8539-12B2D7320118}.Release|x86.Build.0 = Release|Win32
		{A38B12EF-998E-4F84-9310-EB37474E3D56}.Debug|x64.ActiveCfg = Debug|x64
		{A38B12EF-998E-4F84-9310-EB37474E3D56}.Debug|x64.Build.0 = Debug|x64
		{A38B12EF-998E-4F84-9310-EB37474E3D56}.Debug|x86.ActiveCfg = Debug|Win32
		{A38B12EF-998E-4F84-9310-EB37474E3D56}.Debug|x86.Build.0 = Debug|Win32
		{A38B12EF-998E-4F84-9310-EB37474E3D56}.Release|x64.ActiveCfg = Release|x64
		{A38B12EF-998E-4F84-9310-EB37474E3D56}.Release|x64.Build.0 = Release|x64
		{A38B12EF-998E-4F84-9310-EB37474E3D56}.Release|x86.ActiveCfg = Release|Win32
		{A38B12EF-998E-4F84-9310-EB37474E3D56}.Release|x86.Build.0 = Release|Win32
	EndGlobalSection
	GlobalSection(SolutionProperties) = preSolution
		HideSolutionNode = FALSE
	EndGlobalSection
	GlobalSection(ExtensibilityGlobals) = postSolution
		SolutionGuid = {E161524D-913D-4EE8-838C-FE1BD0B87E73}
	EndGlobalSection
EndGlobal
