
Microsoft Visual Studio Solution File, Format Version 11.00
# Visual Studio 2010
Project("{8BC9CEB8-8B4A-11D0-8D11-00A0C91BC942}") = "IsLand", "IsLand\IsLand.vcxproj", "{9003E40F-75B8-48C2-BDA9-08A76B7BBE6D}"
EndProject
Project("{8BC9CEB8-8B4A-11D0-8D11-00A0C91BC942}") = "Max_Prod_arr", "..\Max_Prod_arr\Max_Prod_arr\Max_Prod_arr.vcxproj", "{97D35AB2-2D74-4EF5-B366-777C365E5351}"
EndProject
Project("{8BC9CEB8-8B4A-11D0-8D11-00A0C91BC942}") = "Union_find", "..\Union_find\Union_find\Union_find.vcxproj", "{719732B6-CC8B-445C-9DF9-B4E218054992}"
EndProject
Project("{8BC9CEB8-8B4A-11D0-8D11-00A0C91BC942}") = "topological sort", "..\topological sort\topological sort\topological sort.vcxproj", "{4159C2E2-0167-44C8-AA7D-9EF0F5FA399B}"
EndProject
Project("{8BC9CEB8-8B4A-11D0-8D11-00A0C91BC942}") = "Linkedlist.c", "..\Linkedlist.c\Linkedlist.c\Linkedlist.c.vcxproj", "{CF821704-21CE-4F6F-8074-6AF54C4BE585}"
EndProject
Project("{8BC9CEB8-8B4A-11D0-8D11-00A0C91BC942}") = "Array_Median", "..\Array_Median\Array_Median\Array_Median.vcxproj", "{D3DFF7F8-3F92-4F5B-A7B4-D059BB0B99BE}"
EndProject
Project("{8BC9CEB8-8B4A-11D0-8D11-00A0C91BC942}") = "dijkastras", "..\dijkastras\dijkastras\dijkastras.vcxproj", "{DF8A3956-8CEA-4370-BB8B-C5B5A1B729D4}"
EndProject
Project("{8BC9CEB8-8B4A-11D0-8D11-00A0C91BC942}") = "Graph.cpp", "..\Graph.cpp\Graph.cpp\Graph.cpp.vcxproj", "{15759563-FC4A-4E23-B7F6-D995AD5A9D7B}"
EndProject
Project("{8BC9CEB8-8B4A-11D0-8D11-00A0C91BC942}") = "LIS", "..\LIS\LIS\LIS.vcxproj", "{508EAFAF-3490-44F2-B6EC-800D03784717}"
EndProject
Project("{8BC9CEB8-8B4A-11D0-8D11-00A0C91BC942}") = "Boggle", "..\Boggle\Boggle\Boggle.vcxproj", "{47DC94BF-51A6-4074-9A9E-2B7468D809D2}"
EndProject
Project("{8BC9CEB8-8B4A-11D0-8D11-00A0C91BC942}") = "add.cpp", "..\add.cpp\add.cpp\add.cpp.vcxproj", "{92A83E47-6C59-4953-BCC4-1569022A06B1}"
EndProject
Project("{8BC9CEB8-8B4A-11D0-8D11-00A0C91BC942}") = "BST", "BST\BST.vcxproj", "{B80EC210-6EE6-429F-9EB9-FA8189BB11F7}"
EndProject
Project("{8BC9CEB8-8B4A-11D0-8D11-00A0C91BC942}") = "Knight", "Knight\Knight.vcxproj", "{A33E8C35-AE9F-4EE4-BD8F-1D945C937D6D}"
EndProject
Project("{8BC9CEB8-8B4A-11D0-8D11-00A0C91BC942}") = "Knight_adv", "Knight_adv\Knight_adv.vcxproj", "{88A119CA-2BAE-4913-BFAA-AD76FE7EFB61}"
EndProject
Project("{8BC9CEB8-8B4A-11D0-8D11-00A0C91BC942}") = "Acid_isLand", "Acid_isLand\Acid_isLand.vcxproj", "{ACB7B594-D3A2-4911-8C9A-5863B30EEFC4}"
EndProject
Project("{8BC9CEB8-8B4A-11D0-8D11-00A0C91BC942}") = "snake_ladder", "snake_ladder\snake_ladder.vcxproj", "{447D791D-3638-439C-B1D2-2351834A1FF3}"
EndProject
Project("{8BC9CEB8-8B4A-11D0-8D11-00A0C91BC942}") = "Bus_Route", "Bus_Route\Bus_Route.vcxproj", "{65FCBB3D-71AE-4BC0-AED1-6126894800DD}"
EndProject
Project("{8BC9CEB8-8B4A-11D0-8D11-00A0C91BC942}") = "LinkedList_TreeProperty", "LinkedList_TreeProperty\LinkedList_TreeProperty.vcxproj", "{27B4D734-5F44-4933-B85A-768F3D974294}"
EndProject
Project("{8BC9CEB8-8B4A-11D0-8D11-00A0C91BC942}") = "connected_areas", "connected_areas\connected_areas.vcxproj", "{F5A5443C-7E02-492E-A7B6-B3E161E46483}"
EndProject
Project("{8BC9CEB8-8B4A-11D0-8D11-00A0C91BC942}") = "Min_Platfrom", "Min_Platfrom\Min_Platfrom.vcxproj", "{4A1913BF-EFB8-4D73-A961-0C5F2B6BD765}"
EndProject
Project("{8BC9CEB8-8B4A-11D0-8D11-00A0C91BC942}") = "Min_steps_flip", "Min_steps_flip\Min_steps_flip.vcxproj", "{EFFFF2A8-3C39-42C0-B852-B28D848CDFC5}"
EndProject
Project("{8BC9CEB8-8B4A-11D0-8D11-00A0C91BC942}") = "Pattern_rec", "Pattern_rec\Pattern_rec.vcxproj", "{6EFF057C-5451-4E65-812C-FCEEAC21CA76}"
EndProject
Project("{8BC9CEB8-8B4A-11D0-8D11-00A0C91BC942}") = "TowerOfHanoi", "TowerOfHanoi\TowerOfHanoi.vcxproj", "{F245D08E-893F-40D6-83BB-06FF6CC30FAC}"
EndProject
Project("{8BC9CEB8-8B4A-11D0-8D11-00A0C91BC942}") = "TopOfHead", "TopOfHead\TopOfHead.vcxproj", "{27D87906-081A-47CA-87F3-471E0D7C270D}"
EndProject
Project("{8BC9CEB8-8B4A-11D0-8D11-00A0C91BC942}") = "Lucky_List", "Lucky_List\Lucky_List.vcxproj", "{FDEFDC81-9696-4829-A88A-2B78023373E0}"
EndProject
Project("{8BC9CEB8-8B4A-11D0-8D11-00A0C91BC942}") = "Coin_change", "Coin_change\Coin_change.vcxproj", "{1537435E-A5A2-4CB8-9162-ACF32A02F2BF}"
EndProject
Project("{8BC9CEB8-8B4A-11D0-8D11-00A0C91BC942}") = "Airways", "Airways\Airways.vcxproj", "{C23216D6-98E9-4087-9D3E-586A3DCF3444}"
EndProject
Project("{8BC9CEB8-8B4A-11D0-8D11-00A0C91BC942}") = "N_Queens", "N_Queens\N_Queens.vcxproj", "{43355CE3-9887-4D04-BE03-BA9C95B4C6AC}"
EndProject
Project("{8BC9CEB8-8B4A-11D0-8D11-00A0C91BC942}") = "TravellingSMan", "TravellingSMan\TravellingSMan.vcxproj", "{8D3B44FF-ECF7-46CA-A080-27DE4EB762C3}"
EndProject
Project("{8BC9CEB8-8B4A-11D0-8D11-00A0C91BC942}") = "Product_Manufacturing", "Product_Manufacturing\Product_Manufacturing.vcxproj", "{1A5235C2-34DC-4DEC-B5DB-35232F06EF21}"
EndProject
Project("{8BC9CEB8-8B4A-11D0-8D11-00A0C91BC942}") = "combinations_r_len", "combinations_r_len\combinations_r_len.vcxproj", "{F47396A0-3A50-49D1-A0AE-F0328BF96A6D}"
EndProject
Project("{8BC9CEB8-8B4A-11D0-8D11-00A0C91BC942}") = "Missing_no_arr", "Missing_no_arr\Missing_no_arr.vcxproj", "{1084F004-701C-458A-A91F-6984041BA5C7}"
EndProject
Project("{8BC9CEB8-8B4A-11D0-8D11-00A0C91BC942}") = "subArray_Sum", "subArray_Sum\subArray_Sum.vcxproj", "{127E922D-997E-4BFD-8291-4FC7FFD83824}"
EndProject
Project("{8BC9CEB8-8B4A-11D0-8D11-00A0C91BC942}") = "rearrage_array", "rearrage_array\rearrage_array.vcxproj", "{B5C53A86-C290-4BB7-BEE3-D5673BDF1185}"
EndProject
Project("{8BC9CEB8-8B4A-11D0-8D11-00A0C91BC942}") = "Max_Path_Sum", "Max_Path_Sum\Max_Path_Sum.vcxproj", "{48AB2CF8-AB91-4BD3-8B5E-8E646DA2F589}"
EndProject
Project("{8BC9CEB8-8B4A-11D0-8D11-00A0C91BC942}") = "AirPlane15JuneAdv", "AirPlane15JuneAdv\AirPlane15JuneAdv.vcxproj", "{0126B9BA-9F4B-4585-813A-863F9586C51A}"
EndProject
Project("{8BC9CEB8-8B4A-11D0-8D11-00A0C91BC942}") = "RunningPractice22JuneAdv", "RunningPractice22JuneAdv\RunningPractice22JuneAdv.vcxproj", "{FAE0ECDF-7C97-4A0D-B670-F222228958CC}"
EndProject
Project("{8BC9CEB8-8B4A-11D0-8D11-00A0C91BC942}") = "Permutation", "Permutation\Permutation.vcxproj", "{3B1EF82F-C2BF-4B0F-8737-886AEC6B1683}"
EndProject
Project("{8BC9CEB8-8B4A-11D0-8D11-00A0C91BC942}") = "Heap_Sort", "Heap_Sort\Heap_Sort.vcxproj", "{601542A7-9AAE-48CE-9CCE-4B9231A4D9FB}"
EndProject
Project("{8BC9CEB8-8B4A-11D0-8D11-00A0C91BC942}") = "23julyfailedamzn", "23julyfailedamzn\23julyfailedamzn.vcxproj", "{37E78C69-42EC-4231-A27C-A14381EEAD61}"
EndProject
Project("{8BC9CEB8-8B4A-11D0-8D11-00A0C91BC942}") = "CProgramming", "CProgramming\CProgramming.vcxproj", "{92DDB6A6-11C4-4CF7-BF77-3BFB00380C41}"
EndProject
Project("{8BC9CEB8-8B4A-11D0-8D11-00A0C91BC942}") = "TrainMinDist", "TrainMinDist\TrainMinDist.vcxproj", "{754EC8B7-8B44-4F66-B0CC-675536CA10A2}"
EndProject
Project("{8BC9CEB8-8B4A-11D0-8D11-00A0C91BC942}") = "10AugAdvTest", "10AugAdvTest\10AugAdvTest.vcxproj", "{5949CA28-DDC7-4FCF-A1FC-7D7C26FE9353}"
EndProject
Project("{8BC9CEB8-8B4A-11D0-8D11-00A0C91BC942}") = "combination_R_len", "combination_R_len\combination_R_len.vcxproj", "{F6CE4B2F-BD56-4021-90FE-17FFADEEAA2B}"
EndProject
Project("{8BC9CEB8-8B4A-11D0-8D11-00A0C91BC942}") = "30SepAdvTest", "30SepAdvTest\30SepAdvTest.vcxproj", "{7F587C30-AD4C-47F7-9036-A43C2F6B850A}"
EndProject
Project("{8BC9CEB8-8B4A-11D0-8D11-00A0C91BC942}") = "superDigit", "superDigit\superDigit.vcxproj", "{02BE0F85-D833-4183-8F9E-71BF52C9A6DE}"
EndProject
Project("{8BC9CEB8-8B4A-11D0-8D11-00A0C91BC942}") = "ChessGame", "ChessGame\ChessGame.vcxproj", "{094A4BD1-FD6D-44BD-919B-983E855AACD5}"
EndProject
Project("{8BC9CEB8-8B4A-11D0-8D11-00A0C91BC942}") = "BFS_hack", "BFS_hack\BFS_hack.vcxproj", "{58824CB9-71A6-4EE2-9BA6-35D986F8B524}"
EndProject
Project("{8BC9CEB8-8B4A-11D0-8D11-00A0C91BC942}") = "ShortestReach", "ShortestReach\ShortestReach.vcxproj", "{1842B5E8-A31D-499F-905C-093574795421}"
EndProject
Project("{8BC9CEB8-8B4A-11D0-8D11-00A0C91BC942}") = "SyncShopping", "SyncShopping\SyncShopping.vcxproj", "{EBFC62B7-E35A-4368-9A8B-554F70696352}"
EndProject
Project("{8BC9CEB8-8B4A-11D0-8D11-00A0C91BC942}") = "HackerLand_Floyed", "HackerLand_Floyed\HackerLand_Floyed.vcxproj", "{5E313C6B-F0FC-45CE-BD02-85579873DD01}"
EndProject
Project("{8BC9CEB8-8B4A-11D0-8D11-00A0C91BC942}") = "MoonJourney", "MoonJourney\MoonJourney.vcxproj", "{EFC42408-F2A9-4856-929F-572C51740568}"
EndProject
Project("{8BC9CEB8-8B4A-11D0-8D11-00A0C91BC942}") = "GameofStones", "GameofStones\GameofStones.vcxproj", "{493DA93C-D98E-4236-87ED-16EE3953CDCC}"
EndProject
Project("{8BC9CEB8-8B4A-11D0-8D11-00A0C91BC942}") = "NimGame", "NimGame\NimGame.vcxproj", "{68902944-D702-4674-AC37-904EA0AA1593}"
EndProject
Project("{8BC9CEB8-8B4A-11D0-8D11-00A0C91BC942}") = "GT_MinPenalty", "GT_MinPenalty\GT_MinPenalty.vcxproj", "{AAD9033F-A101-432D-ACB7-ECF1064A0B18}"
EndProject
Project("{8BC9CEB8-8B4A-11D0-8D11-00A0C91BC942}") = "GameSVCoffice", "GameSVCoffice\GameSVCoffice.vcxproj", "{11544525-A092-4E8F-8DAD-97461224D9AE}"
EndProject
Project("{8BC9CEB8-8B4A-11D0-8D11-00A0C91BC942}") = "ChanaTest", "ChanaTest\ChanaTest.vcxproj", "{B841EA04-99E4-4336-A027-265E2336655E}"
EndProject
Project("{8BC9CEB8-8B4A-11D0-8D11-00A0C91BC942}") = "HackerEarth", "HackerEarth\HackerEarth.vcxproj", "{822D3A7E-A71F-4801-A5BC-23F25A517A8B}"
EndProject
Project("{8BC9CEB8-8B4A-11D0-8D11-00A0C91BC942}") = "TestCpp", "TestCpp\TestCpp.vcxproj", "{8BA40BD7-3A00-4909-86DF-FC2F2FF92B72}"
EndProject
Project("{8BC9CEB8-8B4A-11D0-8D11-00A0C91BC942}") = "Rotation_HoneyWell", "Rotation_HoneyWell\Rotation_HoneyWell.vcxproj", "{0B6B6EE8-31BD-4153-8124-06183D183723}"
EndProject
Project("{8BC9CEB8-8B4A-11D0-8D11-00A0C91BC942}") = "Jump_array", "Jump_array\Jump_array.vcxproj", "{030D5A48-3693-467A-953E-611DAFBD1862}"
EndProject
Global
	GlobalSection(SolutionConfigurationPlatforms) = preSolution
		Debug|Win32 = Debug|Win32
		Release|Win32 = Release|Win32
	EndGlobalSection
	GlobalSection(ProjectConfigurationPlatforms) = postSolution
		{9003E40F-75B8-48C2-BDA9-08A76B7BBE6D}.Debug|Win32.ActiveCfg = Debug|Win32
		{9003E40F-75B8-48C2-BDA9-08A76B7BBE6D}.Debug|Win32.Build.0 = Debug|Win32
		{9003E40F-75B8-48C2-BDA9-08A76B7BBE6D}.Release|Win32.ActiveCfg = Release|Win32
		{9003E40F-75B8-48C2-BDA9-08A76B7BBE6D}.Release|Win32.Build.0 = Release|Win32
		{97D35AB2-2D74-4EF5-B366-777C365E5351}.Debug|Win32.ActiveCfg = Debug|Win32
		{97D35AB2-2D74-4EF5-B366-777C365E5351}.Debug|Win32.Build.0 = Debug|Win32
		{97D35AB2-2D74-4EF5-B366-777C365E5351}.Release|Win32.ActiveCfg = Release|Win32
		{97D35AB2-2D74-4EF5-B366-777C365E5351}.Release|Win32.Build.0 = Release|Win32
		{719732B6-CC8B-445C-9DF9-B4E218054992}.Debug|Win32.ActiveCfg = Debug|Win32
		{719732B6-CC8B-445C-9DF9-B4E218054992}.Debug|Win32.Build.0 = Debug|Win32
		{719732B6-CC8B-445C-9DF9-B4E218054992}.Release|Win32.ActiveCfg = Release|Win32
		{719732B6-CC8B-445C-9DF9-B4E218054992}.Release|Win32.Build.0 = Release|Win32
		{4159C2E2-0167-44C8-AA7D-9EF0F5FA399B}.Debug|Win32.ActiveCfg = Debug|Win32
		{4159C2E2-0167-44C8-AA7D-9EF0F5FA399B}.Debug|Win32.Build.0 = Debug|Win32
		{4159C2E2-0167-44C8-AA7D-9EF0F5FA399B}.Release|Win32.ActiveCfg = Release|Win32
		{4159C2E2-0167-44C8-AA7D-9EF0F5FA399B}.Release|Win32.Build.0 = Release|Win32
		{CF821704-21CE-4F6F-8074-6AF54C4BE585}.Debug|Win32.ActiveCfg = Debug|Win32
		{CF821704-21CE-4F6F-8074-6AF54C4BE585}.Debug|Win32.Build.0 = Debug|Win32
		{CF821704-21CE-4F6F-8074-6AF54C4BE585}.Release|Win32.ActiveCfg = Release|Win32
		{CF821704-21CE-4F6F-8074-6AF54C4BE585}.Release|Win32.Build.0 = Release|Win32
		{D3DFF7F8-3F92-4F5B-A7B4-D059BB0B99BE}.Debug|Win32.ActiveCfg = Debug|Win32
		{D3DFF7F8-3F92-4F5B-A7B4-D059BB0B99BE}.Debug|Win32.Build.0 = Debug|Win32
		{D3DFF7F8-3F92-4F5B-A7B4-D059BB0B99BE}.Release|Win32.ActiveCfg = Release|Win32
		{D3DFF7F8-3F92-4F5B-A7B4-D059BB0B99BE}.Release|Win32.Build.0 = Release|Win32
		{DF8A3956-8CEA-4370-BB8B-C5B5A1B729D4}.Debug|Win32.ActiveCfg = Debug|Win32
		{DF8A3956-8CEA-4370-BB8B-C5B5A1B729D4}.Debug|Win32.Build.0 = Debug|Win32
		{DF8A3956-8CEA-4370-BB8B-C5B5A1B729D4}.Release|Win32.ActiveCfg = Release|Win32
		{DF8A3956-8CEA-4370-BB8B-C5B5A1B729D4}.Release|Win32.Build.0 = Release|Win32
		{15759563-FC4A-4E23-B7F6-D995AD5A9D7B}.Debug|Win32.ActiveCfg = Debug|Win32
		{15759563-FC4A-4E23-B7F6-D995AD5A9D7B}.Debug|Win32.Build.0 = Debug|Win32
		{15759563-FC4A-4E23-B7F6-D995AD5A9D7B}.Release|Win32.ActiveCfg = Release|Win32
		{15759563-FC4A-4E23-B7F6-D995AD5A9D7B}.Release|Win32.Build.0 = Release|Win32
		{508EAFAF-3490-44F2-B6EC-800D03784717}.Debug|Win32.ActiveCfg = Debug|Win32
		{508EAFAF-3490-44F2-B6EC-800D03784717}.Debug|Win32.Build.0 = Debug|Win32
		{508EAFAF-3490-44F2-B6EC-800D03784717}.Release|Win32.ActiveCfg = Release|Win32
		{508EAFAF-3490-44F2-B6EC-800D03784717}.Release|Win32.Build.0 = Release|Win32
		{47DC94BF-51A6-4074-9A9E-2B7468D809D2}.Debug|Win32.ActiveCfg = Debug|Win32
		{47DC94BF-51A6-4074-9A9E-2B7468D809D2}.Debug|Win32.Build.0 = Debug|Win32
		{47DC94BF-51A6-4074-9A9E-2B7468D809D2}.Release|Win32.ActiveCfg = Release|Win32
		{47DC94BF-51A6-4074-9A9E-2B7468D809D2}.Release|Win32.Build.0 = Release|Win32
		{92A83E47-6C59-4953-BCC4-1569022A06B1}.Debug|Win32.ActiveCfg = Debug|Win32
		{92A83E47-6C59-4953-BCC4-1569022A06B1}.Debug|Win32.Build.0 = Debug|Win32
		{92A83E47-6C59-4953-BCC4-1569022A06B1}.Release|Win32.ActiveCfg = Release|Win32
		{92A83E47-6C59-4953-BCC4-1569022A06B1}.Release|Win32.Build.0 = Release|Win32
		{B80EC210-6EE6-429F-9EB9-FA8189BB11F7}.Debug|Win32.ActiveCfg = Debug|Win32
		{B80EC210-6EE6-429F-9EB9-FA8189BB11F7}.Debug|Win32.Build.0 = Debug|Win32
		{B80EC210-6EE6-429F-9EB9-FA8189BB11F7}.Release|Win32.ActiveCfg = Release|Win32
		{B80EC210-6EE6-429F-9EB9-FA8189BB11F7}.Release|Win32.Build.0 = Release|Win32
		{A33E8C35-AE9F-4EE4-BD8F-1D945C937D6D}.Debug|Win32.ActiveCfg = Debug|Win32
		{A33E8C35-AE9F-4EE4-BD8F-1D945C937D6D}.Debug|Win32.Build.0 = Debug|Win32
		{A33E8C35-AE9F-4EE4-BD8F-1D945C937D6D}.Release|Win32.ActiveCfg = Release|Win32
		{A33E8C35-AE9F-4EE4-BD8F-1D945C937D6D}.Release|Win32.Build.0 = Release|Win32
		{88A119CA-2BAE-4913-BFAA-AD76FE7EFB61}.Debug|Win32.ActiveCfg = Debug|Win32
		{88A119CA-2BAE-4913-BFAA-AD76FE7EFB61}.Debug|Win32.Build.0 = Debug|Win32
		{88A119CA-2BAE-4913-BFAA-AD76FE7EFB61}.Release|Win32.ActiveCfg = Release|Win32
		{88A119CA-2BAE-4913-BFAA-AD76FE7EFB61}.Release|Win32.Build.0 = Release|Win32
		{ACB7B594-D3A2-4911-8C9A-5863B30EEFC4}.Debug|Win32.ActiveCfg = Debug|Win32
		{ACB7B594-D3A2-4911-8C9A-5863B30EEFC4}.Debug|Win32.Build.0 = Debug|Win32
		{ACB7B594-D3A2-4911-8C9A-5863B30EEFC4}.Release|Win32.ActiveCfg = Release|Win32
		{ACB7B594-D3A2-4911-8C9A-5863B30EEFC4}.Release|Win32.Build.0 = Release|Win32
		{447D791D-3638-439C-B1D2-2351834A1FF3}.Debug|Win32.ActiveCfg = Debug|Win32
		{447D791D-3638-439C-B1D2-2351834A1FF3}.Debug|Win32.Build.0 = Debug|Win32
		{447D791D-3638-439C-B1D2-2351834A1FF3}.Release|Win32.ActiveCfg = Release|Win32
		{447D791D-3638-439C-B1D2-2351834A1FF3}.Release|Win32.Build.0 = Release|Win32
		{65FCBB3D-71AE-4BC0-AED1-6126894800DD}.Debug|Win32.ActiveCfg = Debug|Win32
		{65FCBB3D-71AE-4BC0-AED1-6126894800DD}.Debug|Win32.Build.0 = Debug|Win32
		{65FCBB3D-71AE-4BC0-AED1-6126894800DD}.Release|Win32.ActiveCfg = Release|Win32
		{65FCBB3D-71AE-4BC0-AED1-6126894800DD}.Release|Win32.Build.0 = Release|Win32
		{27B4D734-5F44-4933-B85A-768F3D974294}.Debug|Win32.ActiveCfg = Debug|Win32
		{27B4D734-5F44-4933-B85A-768F3D974294}.Debug|Win32.Build.0 = Debug|Win32
		{27B4D734-5F44-4933-B85A-768F3D974294}.Release|Win32.ActiveCfg = Release|Win32
		{27B4D734-5F44-4933-B85A-768F3D974294}.Release|Win32.Build.0 = Release|Win32
		{F5A5443C-7E02-492E-A7B6-B3E161E46483}.Debug|Win32.ActiveCfg = Debug|Win32
		{F5A5443C-7E02-492E-A7B6-B3E161E46483}.Debug|Win32.Build.0 = Debug|Win32
		{F5A5443C-7E02-492E-A7B6-B3E161E46483}.Release|Win32.ActiveCfg = Release|Win32
		{F5A5443C-7E02-492E-A7B6-B3E161E46483}.Release|Win32.Build.0 = Release|Win32
		{4A1913BF-EFB8-4D73-A961-0C5F2B6BD765}.Debug|Win32.ActiveCfg = Debug|Win32
		{4A1913BF-EFB8-4D73-A961-0C5F2B6BD765}.Debug|Win32.Build.0 = Debug|Win32
		{4A1913BF-EFB8-4D73-A961-0C5F2B6BD765}.Release|Win32.ActiveCfg = Release|Win32
		{4A1913BF-EFB8-4D73-A961-0C5F2B6BD765}.Release|Win32.Build.0 = Release|Win32
		{EFFFF2A8-3C39-42C0-B852-B28D848CDFC5}.Debug|Win32.ActiveCfg = Debug|Win32
		{EFFFF2A8-3C39-42C0-B852-B28D848CDFC5}.Debug|Win32.Build.0 = Debug|Win32
		{EFFFF2A8-3C39-42C0-B852-B28D848CDFC5}.Release|Win32.ActiveCfg = Release|Win32
		{EFFFF2A8-3C39-42C0-B852-B28D848CDFC5}.Release|Win32.Build.0 = Release|Win32
		{6EFF057C-5451-4E65-812C-FCEEAC21CA76}.Debug|Win32.ActiveCfg = Debug|Win32
		{6EFF057C-5451-4E65-812C-FCEEAC21CA76}.Debug|Win32.Build.0 = Debug|Win32
		{6EFF057C-5451-4E65-812C-FCEEAC21CA76}.Release|Win32.ActiveCfg = Release|Win32
		{6EFF057C-5451-4E65-812C-FCEEAC21CA76}.Release|Win32.Build.0 = Release|Win32
		{F245D08E-893F-40D6-83BB-06FF6CC30FAC}.Debug|Win32.ActiveCfg = Debug|Win32
		{F245D08E-893F-40D6-83BB-06FF6CC30FAC}.Debug|Win32.Build.0 = Debug|Win32
		{F245D08E-893F-40D6-83BB-06FF6CC30FAC}.Release|Win32.ActiveCfg = Release|Win32
		{F245D08E-893F-40D6-83BB-06FF6CC30FAC}.Release|Win32.Build.0 = Release|Win32
		{27D87906-081A-47CA-87F3-471E0D7C270D}.Debug|Win32.ActiveCfg = Debug|Win32
		{27D87906-081A-47CA-87F3-471E0D7C270D}.Debug|Win32.Build.0 = Debug|Win32
		{27D87906-081A-47CA-87F3-471E0D7C270D}.Release|Win32.ActiveCfg = Release|Win32
		{27D87906-081A-47CA-87F3-471E0D7C270D}.Release|Win32.Build.0 = Release|Win32
		{FDEFDC81-9696-4829-A88A-2B78023373E0}.Debug|Win32.ActiveCfg = Debug|Win32
		{FDEFDC81-9696-4829-A88A-2B78023373E0}.Debug|Win32.Build.0 = Debug|Win32
		{FDEFDC81-9696-4829-A88A-2B78023373E0}.Release|Win32.ActiveCfg = Release|Win32
		{FDEFDC81-9696-4829-A88A-2B78023373E0}.Release|Win32.Build.0 = Release|Win32
		{1537435E-A5A2-4CB8-9162-ACF32A02F2BF}.Debug|Win32.ActiveCfg = Debug|Win32
		{1537435E-A5A2-4CB8-9162-ACF32A02F2BF}.Debug|Win32.Build.0 = Debug|Win32
		{1537435E-A5A2-4CB8-9162-ACF32A02F2BF}.Release|Win32.ActiveCfg = Release|Win32
		{1537435E-A5A2-4CB8-9162-ACF32A02F2BF}.Release|Win32.Build.0 = Release|Win32
		{C23216D6-98E9-4087-9D3E-586A3DCF3444}.Debug|Win32.ActiveCfg = Debug|Win32
		{C23216D6-98E9-4087-9D3E-586A3DCF3444}.Debug|Win32.Build.0 = Debug|Win32
		{C23216D6-98E9-4087-9D3E-586A3DCF3444}.Release|Win32.ActiveCfg = Release|Win32
		{C23216D6-98E9-4087-9D3E-586A3DCF3444}.Release|Win32.Build.0 = Release|Win32
		{43355CE3-9887-4D04-BE03-BA9C95B4C6AC}.Debug|Win32.ActiveCfg = Debug|Win32
		{43355CE3-9887-4D04-BE03-BA9C95B4C6AC}.Debug|Win32.Build.0 = Debug|Win32
		{43355CE3-9887-4D04-BE03-BA9C95B4C6AC}.Release|Win32.ActiveCfg = Release|Win32
		{43355CE3-9887-4D04-BE03-BA9C95B4C6AC}.Release|Win32.Build.0 = Release|Win32
		{8D3B44FF-ECF7-46CA-A080-27DE4EB762C3}.Debug|Win32.ActiveCfg = Debug|Win32
		{8D3B44FF-ECF7-46CA-A080-27DE4EB762C3}.Debug|Win32.Build.0 = Debug|Win32
		{8D3B44FF-ECF7-46CA-A080-27DE4EB762C3}.Release|Win32.ActiveCfg = Release|Win32
		{8D3B44FF-ECF7-46CA-A080-27DE4EB762C3}.Release|Win32.Build.0 = Release|Win32
		{1A5235C2-34DC-4DEC-B5DB-35232F06EF21}.Debug|Win32.ActiveCfg = Debug|Win32
		{1A5235C2-34DC-4DEC-B5DB-35232F06EF21}.Debug|Win32.Build.0 = Debug|Win32
		{1A5235C2-34DC-4DEC-B5DB-35232F06EF21}.Release|Win32.ActiveCfg = Release|Win32
		{1A5235C2-34DC-4DEC-B5DB-35232F06EF21}.Release|Win32.Build.0 = Release|Win32
		{F47396A0-3A50-49D1-A0AE-F0328BF96A6D}.Debug|Win32.ActiveCfg = Debug|Win32
		{F47396A0-3A50-49D1-A0AE-F0328BF96A6D}.Debug|Win32.Build.0 = Debug|Win32
		{F47396A0-3A50-49D1-A0AE-F0328BF96A6D}.Release|Win32.ActiveCfg = Release|Win32
		{F47396A0-3A50-49D1-A0AE-F0328BF96A6D}.Release|Win32.Build.0 = Release|Win32
		{1084F004-701C-458A-A91F-6984041BA5C7}.Debug|Win32.ActiveCfg = Debug|Win32
		{1084F004-701C-458A-A91F-6984041BA5C7}.Debug|Win32.Build.0 = Debug|Win32
		{1084F004-701C-458A-A91F-6984041BA5C7}.Release|Win32.ActiveCfg = Release|Win32
		{1084F004-701C-458A-A91F-6984041BA5C7}.Release|Win32.Build.0 = Release|Win32
		{127E922D-997E-4BFD-8291-4FC7FFD83824}.Debug|Win32.ActiveCfg = Debug|Win32
		{127E922D-997E-4BFD-8291-4FC7FFD83824}.Debug|Win32.Build.0 = Debug|Win32
		{127E922D-997E-4BFD-8291-4FC7FFD83824}.Release|Win32.ActiveCfg = Release|Win32
		{127E922D-997E-4BFD-8291-4FC7FFD83824}.Release|Win32.Build.0 = Release|Win32
		{B5C53A86-C290-4BB7-BEE3-D5673BDF1185}.Debug|Win32.ActiveCfg = Debug|Win32
		{B5C53A86-C290-4BB7-BEE3-D5673BDF1185}.Debug|Win32.Build.0 = Debug|Win32
		{B5C53A86-C290-4BB7-BEE3-D5673BDF1185}.Release|Win32.ActiveCfg = Release|Win32
		{B5C53A86-C290-4BB7-BEE3-D5673BDF1185}.Release|Win32.Build.0 = Release|Win32
		{48AB2CF8-AB91-4BD3-8B5E-8E646DA2F589}.Debug|Win32.ActiveCfg = Debug|Win32
		{48AB2CF8-AB91-4BD3-8B5E-8E646DA2F589}.Debug|Win32.Build.0 = Debug|Win32
		{48AB2CF8-AB91-4BD3-8B5E-8E646DA2F589}.Release|Win32.ActiveCfg = Release|Win32
		{48AB2CF8-AB91-4BD3-8B5E-8E646DA2F589}.Release|Win32.Build.0 = Release|Win32
		{0126B9BA-9F4B-4585-813A-863F9586C51A}.Debug|Win32.ActiveCfg = Debug|Win32
		{0126B9BA-9F4B-4585-813A-863F9586C51A}.Debug|Win32.Build.0 = Debug|Win32
		{0126B9BA-9F4B-4585-813A-863F9586C51A}.Release|Win32.ActiveCfg = Release|Win32
		{0126B9BA-9F4B-4585-813A-863F9586C51A}.Release|Win32.Build.0 = Release|Win32
		{FAE0ECDF-7C97-4A0D-B670-F222228958CC}.Debug|Win32.ActiveCfg = Debug|Win32
		{FAE0ECDF-7C97-4A0D-B670-F222228958CC}.Debug|Win32.Build.0 = Debug|Win32
		{FAE0ECDF-7C97-4A0D-B670-F222228958CC}.Release|Win32.ActiveCfg = Release|Win32
		{FAE0ECDF-7C97-4A0D-B670-F222228958CC}.Release|Win32.Build.0 = Release|Win32
		{3B1EF82F-C2BF-4B0F-8737-886AEC6B1683}.Debug|Win32.ActiveCfg = Debug|Win32
		{3B1EF82F-C2BF-4B0F-8737-886AEC6B1683}.Debug|Win32.Build.0 = Debug|Win32
		{3B1EF82F-C2BF-4B0F-8737-886AEC6B1683}.Release|Win32.ActiveCfg = Release|Win32
		{3B1EF82F-C2BF-4B0F-8737-886AEC6B1683}.Release|Win32.Build.0 = Release|Win32
		{601542A7-9AAE-48CE-9CCE-4B9231A4D9FB}.Debug|Win32.ActiveCfg = Debug|Win32
		{601542A7-9AAE-48CE-9CCE-4B9231A4D9FB}.Debug|Win32.Build.0 = Debug|Win32
		{601542A7-9AAE-48CE-9CCE-4B9231A4D9FB}.Release|Win32.ActiveCfg = Release|Win32
		{601542A7-9AAE-48CE-9CCE-4B9231A4D9FB}.Release|Win32.Build.0 = Release|Win32
		{37E78C69-42EC-4231-A27C-A14381EEAD61}.Debug|Win32.ActiveCfg = Debug|Win32
		{37E78C69-42EC-4231-A27C-A14381EEAD61}.Debug|Win32.Build.0 = Debug|Win32
		{37E78C69-42EC-4231-A27C-A14381EEAD61}.Release|Win32.ActiveCfg = Release|Win32
		{37E78C69-42EC-4231-A27C-A14381EEAD61}.Release|Win32.Build.0 = Release|Win32
		{92DDB6A6-11C4-4CF7-BF77-3BFB00380C41}.Debug|Win32.ActiveCfg = Debug|Win32
		{92DDB6A6-11C4-4CF7-BF77-3BFB00380C41}.Debug|Win32.Build.0 = Debug|Win32
		{92DDB6A6-11C4-4CF7-BF77-3BFB00380C41}.Release|Win32.ActiveCfg = Release|Win32
		{92DDB6A6-11C4-4CF7-BF77-3BFB00380C41}.Release|Win32.Build.0 = Release|Win32
		{754EC8B7-8B44-4F66-B0CC-675536CA10A2}.Debug|Win32.ActiveCfg = Debug|Win32
		{754EC8B7-8B44-4F66-B0CC-675536CA10A2}.Debug|Win32.Build.0 = Debug|Win32
		{754EC8B7-8B44-4F66-B0CC-675536CA10A2}.Release|Win32.ActiveCfg = Release|Win32
		{754EC8B7-8B44-4F66-B0CC-675536CA10A2}.Release|Win32.Build.0 = Release|Win32
		{5949CA28-DDC7-4FCF-A1FC-7D7C26FE9353}.Debug|Win32.ActiveCfg = Debug|Win32
		{5949CA28-DDC7-4FCF-A1FC-7D7C26FE9353}.Debug|Win32.Build.0 = Debug|Win32
		{5949CA28-DDC7-4FCF-A1FC-7D7C26FE9353}.Release|Win32.ActiveCfg = Release|Win32
		{5949CA28-DDC7-4FCF-A1FC-7D7C26FE9353}.Release|Win32.Build.0 = Release|Win32
		{F6CE4B2F-BD56-4021-90FE-17FFADEEAA2B}.Debug|Win32.ActiveCfg = Debug|Win32
		{F6CE4B2F-BD56-4021-90FE-17FFADEEAA2B}.Debug|Win32.Build.0 = Debug|Win32
		{F6CE4B2F-BD56-4021-90FE-17FFADEEAA2B}.Release|Win32.ActiveCfg = Release|Win32
		{F6CE4B2F-BD56-4021-90FE-17FFADEEAA2B}.Release|Win32.Build.0 = Release|Win32
		{7F587C30-AD4C-47F7-9036-A43C2F6B850A}.Debug|Win32.ActiveCfg = Debug|Win32
		{7F587C30-AD4C-47F7-9036-A43C2F6B850A}.Debug|Win32.Build.0 = Debug|Win32
		{7F587C30-AD4C-47F7-9036-A43C2F6B850A}.Release|Win32.ActiveCfg = Release|Win32
		{7F587C30-AD4C-47F7-9036-A43C2F6B850A}.Release|Win32.Build.0 = Release|Win32
		{02BE0F85-D833-4183-8F9E-71BF52C9A6DE}.Debug|Win32.ActiveCfg = Debug|Win32
		{02BE0F85-D833-4183-8F9E-71BF52C9A6DE}.Debug|Win32.Build.0 = Debug|Win32
		{02BE0F85-D833-4183-8F9E-71BF52C9A6DE}.Release|Win32.ActiveCfg = Release|Win32
		{02BE0F85-D833-4183-8F9E-71BF52C9A6DE}.Release|Win32.Build.0 = Release|Win32
		{094A4BD1-FD6D-44BD-919B-983E855AACD5}.Debug|Win32.ActiveCfg = Debug|Win32
		{094A4BD1-FD6D-44BD-919B-983E855AACD5}.Debug|Win32.Build.0 = Debug|Win32
		{094A4BD1-FD6D-44BD-919B-983E855AACD5}.Release|Win32.ActiveCfg = Release|Win32
		{094A4BD1-FD6D-44BD-919B-983E855AACD5}.Release|Win32.Build.0 = Release|Win32
		{58824CB9-71A6-4EE2-9BA6-35D986F8B524}.Debug|Win32.ActiveCfg = Debug|Win32
		{58824CB9-71A6-4EE2-9BA6-35D986F8B524}.Debug|Win32.Build.0 = Debug|Win32
		{58824CB9-71A6-4EE2-9BA6-35D986F8B524}.Release|Win32.ActiveCfg = Release|Win32
		{58824CB9-71A6-4EE2-9BA6-35D986F8B524}.Release|Win32.Build.0 = Release|Win32
		{1842B5E8-A31D-499F-905C-093574795421}.Debug|Win32.ActiveCfg = Debug|Win32
		{1842B5E8-A31D-499F-905C-093574795421}.Debug|Win32.Build.0 = Debug|Win32
		{1842B5E8-A31D-499F-905C-093574795421}.Release|Win32.ActiveCfg = Release|Win32
		{1842B5E8-A31D-499F-905C-093574795421}.Release|Win32.Build.0 = Release|Win32
		{EBFC62B7-E35A-4368-9A8B-554F70696352}.Debug|Win32.ActiveCfg = Debug|Win32
		{EBFC62B7-E35A-4368-9A8B-554F70696352}.Debug|Win32.Build.0 = Debug|Win32
		{EBFC62B7-E35A-4368-9A8B-554F70696352}.Release|Win32.ActiveCfg = Release|Win32
		{EBFC62B7-E35A-4368-9A8B-554F70696352}.Release|Win32.Build.0 = Release|Win32
		{5E313C6B-F0FC-45CE-BD02-85579873DD01}.Debug|Win32.ActiveCfg = Debug|Win32
		{5E313C6B-F0FC-45CE-BD02-85579873DD01}.Debug|Win32.Build.0 = Debug|Win32
		{5E313C6B-F0FC-45CE-BD02-85579873DD01}.Release|Win32.ActiveCfg = Release|Win32
		{5E313C6B-F0FC-45CE-BD02-85579873DD01}.Release|Win32.Build.0 = Release|Win32
		{EFC42408-F2A9-4856-929F-572C51740568}.Debug|Win32.ActiveCfg = Debug|Win32
		{EFC42408-F2A9-4856-929F-572C51740568}.Debug|Win32.Build.0 = Debug|Win32
		{EFC42408-F2A9-4856-929F-572C51740568}.Release|Win32.ActiveCfg = Release|Win32
		{EFC42408-F2A9-4856-929F-572C51740568}.Release|Win32.Build.0 = Release|Win32
		{493DA93C-D98E-4236-87ED-16EE3953CDCC}.Debug|Win32.ActiveCfg = Debug|Win32
		{493DA93C-D98E-4236-87ED-16EE3953CDCC}.Debug|Win32.Build.0 = Debug|Win32
		{493DA93C-D98E-4236-87ED-16EE3953CDCC}.Release|Win32.ActiveCfg = Release|Win32
		{493DA93C-D98E-4236-87ED-16EE3953CDCC}.Release|Win32.Build.0 = Release|Win32
		{68902944-D702-4674-AC37-904EA0AA1593}.Debug|Win32.ActiveCfg = Debug|Win32
		{68902944-D702-4674-AC37-904EA0AA1593}.Debug|Win32.Build.0 = Debug|Win32
		{68902944-D702-4674-AC37-904EA0AA1593}.Release|Win32.ActiveCfg = Release|Win32
		{68902944-D702-4674-AC37-904EA0AA1593}.Release|Win32.Build.0 = Release|Win32
		{AAD9033F-A101-432D-ACB7-ECF1064A0B18}.Debug|Win32.ActiveCfg = Debug|Win32
		{AAD9033F-A101-432D-ACB7-ECF1064A0B18}.Debug|Win32.Build.0 = Debug|Win32
		{AAD9033F-A101-432D-ACB7-ECF1064A0B18}.Release|Win32.ActiveCfg = Release|Win32
		{AAD9033F-A101-432D-ACB7-ECF1064A0B18}.Release|Win32.Build.0 = Release|Win32
		{11544525-A092-4E8F-8DAD-97461224D9AE}.Debug|Win32.ActiveCfg = Debug|Win32
		{11544525-A092-4E8F-8DAD-97461224D9AE}.Debug|Win32.Build.0 = Debug|Win32
		{11544525-A092-4E8F-8DAD-97461224D9AE}.Release|Win32.ActiveCfg = Release|Win32
		{11544525-A092-4E8F-8DAD-97461224D9AE}.Release|Win32.Build.0 = Release|Win32
		{B841EA04-99E4-4336-A027-265E2336655E}.Debug|Win32.ActiveCfg = Debug|Win32
		{B841EA04-99E4-4336-A027-265E2336655E}.Debug|Win32.Build.0 = Debug|Win32
		{B841EA04-99E4-4336-A027-265E2336655E}.Release|Win32.ActiveCfg = Release|Win32
		{B841EA04-99E4-4336-A027-265E2336655E}.Release|Win32.Build.0 = Release|Win32
		{822D3A7E-A71F-4801-A5BC-23F25A517A8B}.Debug|Win32.ActiveCfg = Debug|Win32
		{822D3A7E-A71F-4801-A5BC-23F25A517A8B}.Debug|Win32.Build.0 = Debug|Win32
		{822D3A7E-A71F-4801-A5BC-23F25A517A8B}.Release|Win32.ActiveCfg = Release|Win32
		{822D3A7E-A71F-4801-A5BC-23F25A517A8B}.Release|Win32.Build.0 = Release|Win32
		{8BA40BD7-3A00-4909-86DF-FC2F2FF92B72}.Debug|Win32.ActiveCfg = Debug|Win32
		{8BA40BD7-3A00-4909-86DF-FC2F2FF92B72}.Debug|Win32.Build.0 = Debug|Win32
		{8BA40BD7-3A00-4909-86DF-FC2F2FF92B72}.Release|Win32.ActiveCfg = Release|Win32
		{8BA40BD7-3A00-4909-86DF-FC2F2FF92B72}.Release|Win32.Build.0 = Release|Win32
		{0B6B6EE8-31BD-4153-8124-06183D183723}.Debug|Win32.ActiveCfg = Debug|Win32
		{0B6B6EE8-31BD-4153-8124-06183D183723}.Debug|Win32.Build.0 = Debug|Win32
		{0B6B6EE8-31BD-4153-8124-06183D183723}.Release|Win32.ActiveCfg = Release|Win32
		{0B6B6EE8-31BD-4153-8124-06183D183723}.Release|Win32.Build.0 = Release|Win32
		{030D5A48-3693-467A-953E-611DAFBD1862}.Debug|Win32.ActiveCfg = Debug|Win32
		{030D5A48-3693-467A-953E-611DAFBD1862}.Debug|Win32.Build.0 = Debug|Win32
		{030D5A48-3693-467A-953E-611DAFBD1862}.Release|Win32.ActiveCfg = Release|Win32
		{030D5A48-3693-467A-953E-611DAFBD1862}.Release|Win32.Build.0 = Release|Win32
	EndGlobalSection
	GlobalSection(SolutionProperties) = preSolution
		HideSolutionNode = FALSE
	EndGlobalSection
EndGlobal
